
Microsoft Visual Studio Solution File, Format Version 12.00
# Visual Studio Version 17
VisualStudioVersion = 17.1.32421.90
MinimumVisualStudioVersion = 10.0.40219.1
Project("{FAE04EC0-301F-11D3-BF4B-00C04F79EFBC}") = "Ejercicio6-Net6", "Ejercicio6-Net6\Ejercicio6-Net6.csproj", "{FDB9387A-B7BC-419B-8D6D-50810FB1C73D}"
EndProject
Global
	GlobalSection(SolutionConfigurationPlatforms) = preSolution
		Debug|Any CPU = Debug|Any CPU
		Release|Any CPU = Release|Any CPU
	EndGlobalSection
	GlobalSection(ProjectConfigurationPlatforms) = postSolution
		{FDB9387A-B7BC-419B-8D6D-50810FB1C73D}.Debug|Any CPU.ActiveCfg = Debug|Any CPU
		{FDB9387A-B7BC-419B-8D6D-50810FB1C73D}.Debug|Any CPU.Build.0 = Debug|Any CPU
		{FDB9387A-B7BC-419B-8D6D-50810FB1C73D}.Release|Any CPU.ActiveCfg = Release|Any CPU
		{FDB9387A-B7BC-419B-8D6D-50810FB1C73D}.Release|Any CPU.Build.0 = Release|Any CPU
	EndGlobalSection
	GlobalSection(SolutionProperties) = preSolution
		HideSolutionNode = FALSE
	EndGlobalSection
	GlobalSection(ExtensibilityGlobals) = postSolution
		SolutionGuid = {AB339D91-7B8E-4A9E-A4AA-079FD51964EF}
	EndGlobalSection
EndGlobal
