
Microsoft Visual Studio Solution File, Format Version 12.00
# Visual Studio Version 17
VisualStudioVersion = 17.1.32421.90
MinimumVisualStudioVersion = 10.0.40219.1
Project("{FAE04EC0-301F-11D3-BF4B-00C04F79EFBC}") = "Ejercicio-8-Net6", "Ejercicio-8-Net6\Ejercicio-8-Net6.csproj", "{B644FA0A-DF90-458E-AF5C-E8B770569C8B}"
EndProject
Global
	GlobalSection(SolutionConfigurationPlatforms) = preSolution
		Debug|Any CPU = Debug|Any CPU
		Release|Any CPU = Release|Any CPU
	EndGlobalSection
	GlobalSection(ProjectConfigurationPlatforms) = postSolution
		{B644FA0A-DF90-458E-AF5C-E8B770569C8B}.Debug|Any CPU.ActiveCfg = Debug|Any CPU
		{B644FA0A-DF90-458E-AF5C-E8B770569C8B}.Debug|Any CPU.Build.0 = Debug|Any CPU
		{B644FA0A-DF90-458E-AF5C-E8B770569C8B}.Release|Any CPU.ActiveCfg = Release|Any CPU
		{B644FA0A-DF90-458E-AF5C-E8B770569C8B}.Release|Any CPU.Build.0 = Release|Any CPU
	EndGlobalSection
	GlobalSection(SolutionProperties) = preSolution
		HideSolutionNode = FALSE
	EndGlobalSection
	GlobalSection(ExtensibilityGlobals) = postSolution
		SolutionGuid = {355C5565-584B-40F9-A53B-39FBCEB3C267}
	EndGlobalSection
EndGlobal
